[[package]]
name = "affine"
version = "2.3.1"
description = "Matrices describing affine transformation of the plane."
category = "main"
optional = false
python-versions = "*"

[package.extras]
test = ["pytest (>=4.6)", "pytest-cov", "pydocstyle", "flake8", "coveralls"]

[[package]]
name = "attrs"
version = "22.1.0"
description = "Classes Without Boilerplate"
category = "main"
optional = false
python-versions = ">=3.5"

[package.extras]
dev = ["coverage[toml] (>=5.0.2)", "hypothesis", "pympler", "pytest (>=4.3.0)", "mypy (>=0.900,!=0.940)", "pytest-mypy-plugins", "zope.interface", "furo", "sphinx", "sphinx-notfound-page", "pre-commit", "cloudpickle"]
docs = ["furo", "sphinx", "zope.interface", "sphinx-notfound-page"]
tests = ["coverage[toml] (>=5.0.2)", "hypothesis", "pympler", "pytest (>=4.3.0)", "mypy (>=0.900,!=0.940)", "pytest-mypy-plugins", "zope.interface", "cloudpickle"]
tests_no_zope = ["coverage[toml] (>=5.0.2)", "hypothesis", "pympler", "pytest (>=4.3.0)", "mypy (>=0.900,!=0.940)", "pytest-mypy-plugins", "cloudpickle"]

[[package]]
name = "bandit"
version = "1.7.4"
description = "Security oriented static analyser for python code."
category = "dev"
optional = false
python-versions = ">=3.7"

[package.dependencies]
colorama = {version = ">=0.3.9", markers = "platform_system == \"Windows\""}
GitPython = ">=1.0.1"
PyYAML = ">=5.3.1"
stevedore = ">=1.20.0"

[package.extras]
test = ["coverage (>=4.5.4)", "fixtures (>=3.0.0)", "flake8 (>=4.0.0)", "stestr (>=2.5.0)", "testscenarios (>=0.5.0)", "testtools (>=2.3.0)", "toml", "beautifulsoup4 (>=4.8.0)", "pylint (==1.9.4)"]
toml = ["toml"]
yaml = ["pyyaml"]

[[package]]
name = "black"
version = "22.8.0"
description = "The uncompromising code formatter."
category = "dev"
optional = false
python-versions = ">=3.6.2"

[package.dependencies]
click = ">=8.0.0"
mypy-extensions = ">=0.4.3"
pathspec = ">=0.9.0"
platformdirs = ">=2"
tomli = {version = ">=1.1.0", markers = "python_full_version < \"3.11.0a7\""}
typing-extensions = {version = ">=3.10.0.0", markers = "python_version < \"3.10\""}

[package.extras]
colorama = ["colorama (>=0.4.3)"]
d = ["aiohttp (>=3.7.4)"]
jupyter = ["ipython (>=7.8.0)", "tokenize-rt (>=3.2.0)"]
uvloop = ["uvloop (>=0.15.2)"]

[[package]]
name = "certifi"
version = "2022.9.14"
description = "Python package for providing Mozilla's CA Bundle."
category = "main"
optional = false
python-versions = ">=3.6"

[[package]]
name = "cfgv"
version = "3.3.1"
description = "Validate configuration and produce human readable error messages."
category = "dev"
optional = false
python-versions = ">=3.6.1"

[[package]]
name = "cftime"
version = "1.6.2"
description = "Time-handling functionality from netcdf4-python"
category = "main"
optional = false
python-versions = ">=3.7"

[package.dependencies]
numpy = ">1.13.3"

[[package]]
name = "charset-normalizer"
version = "2.1.1"
description = "The Real First Universal Charset Detector. Open, modern and actively maintained alternative to Chardet."
category = "main"
optional = false
python-versions = ">=3.6.0"

[package.extras]
unicode_backport = ["unicodedata2"]

[[package]]
name = "classify-imports"
version = "4.2.0"
description = "Utilities for refactoring imports in python-like syntax."
category = "dev"
optional = false
python-versions = ">=3.7"

[[package]]
name = "cleopatra"
version = "0.2.2"
description = "visualization package"
category = "main"
optional = false
python-versions = "*"

[package.dependencies]
matplotlib = ">=3.5.3"
numpy = ">=1.23.3"

[[package]]
name = "click"
version = "8.1.3"
description = "Composable command line interface toolkit"
category = "main"
optional = false
python-versions = ">=3.7"

[package.dependencies]
colorama = {version = "*", markers = "platform_system == \"Windows\""}

[[package]]
name = "click-plugins"
version = "1.1.1"
description = "An extension module for click to enable registering CLI commands via setuptools entry-points."
category = "main"
optional = false
python-versions = "*"

[package.dependencies]
click = ">=4.0"

[package.extras]
dev = ["coveralls", "wheel", "pytest-cov", "pytest (>=3.6)"]

[[package]]
name = "cligj"
version = "0.7.2"
description = "Click params for commmand line interfaces to GeoJSON"
category = "main"
optional = false
python-versions = ">=2.7, !=3.0.*, !=3.1.*, !=3.2.*, <4"

[package.dependencies]
click = ">=4.0"

[package.extras]
test = ["pytest-cov"]

[[package]]
name = "colorama"
version = "0.4.5"
description = "Cross-platform colored terminal text."
category = "main"
optional = false
python-versions = ">=2.7, !=3.0.*, !=3.1.*, !=3.2.*, !=3.3.*, !=3.4.*"

[[package]]
name = "contourpy"
version = "1.0.5"
description = "Python library for calculating contours of 2D quadrilateral grids"
category = "main"
optional = false
python-versions = ">=3.7"

[package.dependencies]
numpy = ">=1.16"

[package.extras]
test-no-codebase = ["pillow", "matplotlib", "pytest"]
test-minimal = ["pytest"]
test = ["isort", "flake8", "pillow", "matplotlib", "pytest"]
docs = ["sphinx-rtd-theme", "sphinx", "docutils (<0.18)"]
bokeh = ["selenium", "bokeh"]

[[package]]
name = "coverage"
version = "6.4.4"
description = "Code coverage measurement for Python"
category = "main"
optional = false
python-versions = ">=3.7"

[package.dependencies]
tomli = {version = "*", optional = true, markers = "python_full_version <= \"3.11.0a6\" and extra == \"toml\""}

[package.extras]
toml = ["tomli"]

[[package]]
name = "cycler"
version = "0.11.0"
description = "Composable style cycles"
category = "main"
optional = false
python-versions = ">=3.6"

[[package]]
name = "darglint"
version = "1.8.1"
description = "A utility for ensuring Google-style docstrings stay up to date with the source code."
category = "dev"
optional = false
python-versions = ">=3.6,<4.0"

[[package]]
name = "digitalearth"
version = "0.1.4"
description = "Geo-spatial Visualization package"
category = "main"
optional = false
python-versions = "*"

[package.dependencies]
cleopatra = ">=0.2.2"
gdal = ">=3.4.3"
loguru = ">=0.6.0"
matplotlib = ">=3.5.3"
numpy = ">=1.23.3"
pandas = ">=1.4.4"
pyramids-gis = ">=0.2.4"

[[package]]
name = "distlib"
version = "0.3.6"
description = "Distribution utilities"
category = "dev"
optional = false
python-versions = "*"

[[package]]
name = "docutils"
version = "0.19"
description = "Docutils -- Python Documentation Utilities"
category = "dev"
optional = false
python-versions = ">=3.7"

[[package]]
name = "filelock"
version = "3.8.0"
description = "A platform independent file lock."
category = "dev"
optional = false
python-versions = ">=3.7"

[package.extras]
docs = ["furo (>=2022.6.21)", "sphinx (>=5.1.1)", "sphinx-autodoc-typehints (>=1.19.1)"]
testing = ["covdefaults (>=2.2)", "coverage (>=6.4.2)", "pytest (>=7.1.2)", "pytest-cov (>=3)", "pytest-timeout (>=2.1)"]

[[package]]
name = "fiona"
version = "1.8.21"
description = "Fiona reads and writes spatial data files"
category = "main"
optional = false
python-versions = "*"

[package.dependencies]
attrs = ">=17"
certifi = "*"
click = ">=4.0"
click-plugins = ">=1.0"
cligj = ">=0.5"
munch = "*"
six = ">=1.7"

[package.extras]
all = ["boto3 (>=1.2.4)", "pytest-cov", "shapely", "pytest (>=3)", "mock"]
calc = ["shapely"]
s3 = ["boto3 (>=1.2.4)"]
test = ["pytest (>=3)", "pytest-cov", "boto3 (>=1.2.4)", "mock"]

[[package]]
name = "flake8"
version = "5.0.4"
description = "the modular source code checker: pep8 pyflakes and co"
category = "dev"
optional = false
python-versions = ">=3.6.1"

[package.dependencies]
mccabe = ">=0.7.0,<0.8.0"
pycodestyle = ">=2.9.0,<2.10.0"
pyflakes = ">=2.5.0,<2.6.0"

[[package]]
name = "flake8-bandit"
version = "4.1.1"
description = "Automated security testing with bandit and flake8."
category = "dev"
optional = false
python-versions = ">=3.6"

[package.dependencies]
bandit = ">=1.7.3"
flake8 = ">=5.0.0"

[[package]]
name = "flake8-bugbear"
version = "22.9.23"
description = "A plugin for flake8 finding likely bugs and design problems in your program. Contains warnings that don't belong in pyflakes and pycodestyle."
category = "dev"
optional = false
python-versions = ">=3.6"

[package.dependencies]
attrs = ">=19.2.0"
flake8 = ">=3.0.0"

[package.extras]
dev = ["coverage", "hypothesis", "hypothesmith (>=0.2)", "pre-commit"]

[[package]]
name = "flake8-docstrings"
version = "1.6.0"
description = "Extension for flake8 which uses pydocstyle to check docstrings"
category = "dev"
optional = false
python-versions = "*"

[package.dependencies]
flake8 = ">=3"
pydocstyle = ">=2.1"

[[package]]
name = "flake8-rst-docstrings"
version = "0.2.7"
description = "Python docstring reStructuredText (RST) validator"
category = "dev"
optional = false
python-versions = ">=3.7"

[package.dependencies]
flake8 = ">=3.0.0"
pygments = "*"
restructuredtext-lint = "*"

[[package]]
name = "fonttools"
version = "4.37.3"
description = "Tools to manipulate font files"
category = "main"
optional = false
python-versions = ">=3.7"

[package.extras]
all = ["fs (>=2.2.0,<3)", "lxml (>=4.0,<5)", "zopfli (>=0.1.4)", "lz4 (>=1.7.4.2)", "matplotlib", "sympy", "skia-pathops (>=0.5.0)", "uharfbuzz (>=0.23.0)", "brotlicffi (>=0.8.0)", "scipy", "brotli (>=1.0.1)", "munkres", "unicodedata2 (>=14.0.0)", "xattr"]
graphite = ["lz4 (>=1.7.4.2)"]
interpolatable = ["scipy", "munkres"]
lxml = ["lxml (>=4.0,<5)"]
pathops = ["skia-pathops (>=0.5.0)"]
plot = ["matplotlib"]
repacker = ["uharfbuzz (>=0.23.0)"]
symfont = ["sympy"]
type1 = ["xattr"]
ufo = ["fs (>=2.2.0,<3)"]
unicode = ["unicodedata2 (>=14.0.0)"]
woff = ["zopfli (>=0.1.4)", "brotlicffi (>=0.8.0)", "brotli (>=1.0.1)"]

[[package]]
name = "gdal"
version = "3.4.3"
description = "GDAL: Geospatial Data Abstraction Library"
category = "main"
optional = false
python-versions = ">=3.6.0"

[package.extras]
numpy = ["numpy (>1.0.0)"]

[[package]]
name = "geographiclib"
version = "1.52"
description = "The geodesic routines from GeographicLib"
category = "main"
optional = false
python-versions = "*"

[[package]]
name = "geopandas"
version = "0.11.1"
description = "Geographic pandas extensions"
category = "main"
optional = false
python-versions = ">=3.8"

[package.dependencies]
fiona = ">=1.8"
packaging = "*"
pandas = ">=1.0.0"
pyproj = ">=2.6.1.post1"
shapely = ">=1.7,<2"

[[package]]
name = "geopy"
version = "2.2.0"
description = "Python Geocoding Toolbox"
category = "main"
optional = false
python-versions = ">=3.5"

[package.dependencies]
geographiclib = ">=1.49,<2"

[package.extras]
timezone = ["pytz"]
requests = ["requests (>=2.16.2)", "urllib3 (>=1.24.2)"]
dev-test = ["sphinx", "pytest (>=3.10)", "pytest-aiohttp", "coverage", "async-generator"]
dev-lint = ["isort (>=5.6.0,<5.7.0)", "flake8 (>=3.8.0,<3.9.0)", "async-generator"]
dev-docs = ["sphinx-rtd-theme (>=0.5.0)", "sphinx-issues", "sphinx", "readme-renderer"]
dev = ["sphinx-rtd-theme (>=0.5.0)", "sphinx-issues", "sphinx", "readme-renderer", "pytest (>=3.10)", "pytest-aiohttp", "isort (>=5.6.0,<5.7.0)", "flake8 (>=3.8.0,<3.9.0)", "coverage", "async-generator"]
aiohttp = ["aiohttp"]

[[package]]
name = "geostatista"
version = "0.1.2"
description = "statistics package"
category = "main"
optional = false
python-versions = "*"

[package.dependencies]
gdal = ">=3.4.3"
loguru = ">=0.6.0"
matplotlib = ">=3.5.3"
pandas = ">=1.4.4"
pyramids-gis = ">=0.2.4"
statista = ">=0.1.5"

[[package]]
name = "gitdb"
version = "4.0.9"
description = "Git Object Database"
category = "dev"
optional = false
python-versions = ">=3.6"

[package.dependencies]
smmap = ">=3.0.1,<6"

[[package]]
name = "gitpython"
version = "3.1.27"
description = "GitPython is a python library used to interact with Git repositories"
category = "dev"
optional = false
python-versions = ">=3.7"

[package.dependencies]
gitdb = ">=4.0.1,<5"

[[package]]
name = "identify"
version = "2.5.5"
description = "File identification library for Python"
category = "dev"
optional = false
python-versions = ">=3.7"

[package.extras]
license = ["ukkonen"]

[[package]]
name = "idna"
version = "3.4"
description = "Internationalized Domain Names in Applications (IDNA)"
category = "main"
optional = false
python-versions = ">=3.5"

[[package]]
name = "iniconfig"
version = "1.1.1"
description = "iniconfig: brain-dead simple config-ini parsing"
category = "main"
optional = false
python-versions = "*"

[[package]]
name = "joblib"
version = "1.2.0"
description = "Lightweight pipelining with Python functions"
category = "main"
optional = false
python-versions = ">=3.7"

[[package]]
name = "kiwisolver"
version = "1.4.4"
description = "A fast implementation of the Cassowary constraint solver"
category = "main"
optional = false
python-versions = ">=3.7"

[[package]]
name = "loguru"
version = "0.6.0"
description = "Python logging made (stupidly) simple"
category = "main"
optional = false
python-versions = ">=3.5"

[package.dependencies]
colorama = {version = ">=0.3.4", markers = "sys_platform == \"win32\""}
win32-setctime = {version = ">=1.0.0", markers = "sys_platform == \"win32\""}

[package.extras]
dev = ["sphinx-rtd-theme (>=0.4.3)", "sphinx-autobuild (>=0.7.1)", "Sphinx (>=4.1.1)", "isort (>=5.1.1)", "black (>=19.10b0)", "pytest-cov (>=2.7.1)", "pytest (>=4.6.2)", "tox (>=3.9.0)", "flake8 (>=3.7.7)", "docutils (==0.16)", "colorama (>=0.3.4)"]

[[package]]
name = "matplotlib"
version = "3.6.0"
description = "Python plotting package"
category = "main"
optional = false
python-versions = ">=3.8"

[package.dependencies]
contourpy = ">=1.0.1"
cycler = ">=0.10"
fonttools = ">=4.22.0"
kiwisolver = ">=1.0.1"
numpy = ">=1.19"
packaging = ">=20.0"
pillow = ">=6.2.0"
pyparsing = ">=2.2.1"
python-dateutil = ">=2.7"
setuptools_scm = ">=7"

[[package]]
name = "mccabe"
version = "0.7.0"
description = "McCabe checker, plugin for flake8"
category = "dev"
optional = false
python-versions = ">=3.6"

[[package]]
name = "munch"
version = "2.5.0"
description = "A dot-accessible dictionary (a la JavaScript objects)"
category = "main"
optional = false
python-versions = "*"

[package.dependencies]
six = "*"

[package.extras]
testing = ["pytest", "coverage", "astroid (>=1.5.3,<1.6.0)", "pylint (>=1.7.2,<1.8.0)", "astroid (>=2.0)", "pylint (>=2.3.1,<2.4.0)"]
yaml = ["PyYAML (>=5.1.0)"]

[[package]]
name = "mypy-extensions"
version = "0.4.3"
description = "Experimental type system extensions for programs checked with the mypy typechecker."
category = "dev"
optional = false
python-versions = "*"

[[package]]
name = "netcdf4"
version = "1.6.1"
description = "Provides an object-oriented python interface to the netCDF version 4 library."
category = "main"
optional = false
python-versions = "*"

[package.dependencies]
cftime = "*"
numpy = ">=1.9"

[[package]]
name = "nodeenv"
version = "1.7.0"
description = "Node.js virtual environment builder"
category = "dev"
optional = false
python-versions = ">=2.7,!=3.0.*,!=3.1.*,!=3.2.*,!=3.3.*,!=3.4.*,!=3.5.*,!=3.6.*"

[[package]]
name = "numpy"
version = "1.23.3"
description = "NumPy is the fundamental package for array computing with Python."
category = "main"
optional = false
python-versions = ">=3.8"

[[package]]
name = "oasis-optimization"
version = "1.0.2"
description = "Optimization Algorithm"
category = "main"
optional = false
python-versions = "*"

[[package]]
name = "packaging"
version = "21.3"
description = "Core utilities for Python packages"
category = "main"
optional = false
python-versions = ">=3.6"

[package.dependencies]
pyparsing = ">=2.0.2,<3.0.5 || >3.0.5"

[[package]]
name = "pandas"
version = "1.5.0"
description = "Powerful data structures for data analysis, time series, and statistics"
category = "main"
optional = false
python-versions = ">=3.8"

[package.dependencies]
numpy = [
    {version = ">=1.21.0", markers = "python_version >= \"3.10\""},
    {version = ">=1.20.3", markers = "python_version < \"3.10\""},
]
python-dateutil = ">=2.8.1"
pytz = ">=2020.1"

[package.extras]
test = ["pytest-xdist (>=1.31)", "pytest (>=6.0)", "hypothesis (>=5.5.3)"]

[[package]]
name = "pathspec"
version = "0.10.1"
description = "Utility library for gitignore style pattern matching of file paths."
category = "dev"
optional = false
python-versions = ">=3.7"

[[package]]
name = "patsy"
version = "0.5.2"
description = "A Python package for describing statistical models and for building design matrices."
category = "main"
optional = false
python-versions = "*"

[package.dependencies]
numpy = ">=1.4"
six = "*"

[package.extras]
test = ["scipy", "pytest-cov", "pytest"]

[[package]]
name = "pbr"
version = "5.10.0"
description = "Python Build Reasonableness"
category = "dev"
optional = false
python-versions = ">=2.6"

[[package]]
name = "pep8-naming"
version = "0.13.2"
description = "Check PEP-8 naming conventions, plugin for flake8"
category = "dev"
optional = false
python-versions = ">=3.7"

[package.dependencies]
flake8 = ">=3.9.1"

[[package]]
name = "pillow"
version = "9.2.0"
description = "Python Imaging Library (Fork)"
category = "main"
optional = false
python-versions = ">=3.7"

[package.extras]
docs = ["furo", "olefile", "sphinx (>=2.4)", "sphinx-copybutton", "sphinx-issues (>=3.0.1)", "sphinx-removed-in", "sphinxext-opengraph"]
tests = ["check-manifest", "coverage", "defusedxml", "markdown2", "olefile", "packaging", "pyroma", "pytest", "pytest-cov", "pytest-timeout"]

[[package]]
name = "platformdirs"
version = "2.5.2"
description = "A small Python module for determining appropriate platform-specific dirs, e.g. a \"user data dir\"."
category = "dev"
optional = false
python-versions = ">=3.7"

[package.extras]
docs = ["furo (>=2021.7.5b38)", "proselint (>=0.10.2)", "sphinx-autodoc-typehints (>=1.12)", "sphinx (>=4)"]
test = ["appdirs (==1.4.4)", "pytest-cov (>=2.7)", "pytest-mock (>=3.6)", "pytest (>=6)"]

[[package]]
name = "pluggy"
version = "1.0.0"
description = "plugin and hook calling mechanisms for python"
category = "main"
optional = false
python-versions = ">=3.6"

[package.extras]
testing = ["pytest-benchmark", "pytest"]
dev = ["tox", "pre-commit"]

[[package]]
name = "pre-commit"
version = "2.20.0"
description = "A framework for managing and maintaining multi-language pre-commit hooks."
category = "dev"
optional = false
python-versions = ">=3.7"

[package.dependencies]
cfgv = ">=2.0.0"
identify = ">=1.0.0"
nodeenv = ">=0.11.1"
pyyaml = ">=5.1"
toml = "*"
virtualenv = ">=20.0.8"

[[package]]
name = "pre-commit-hooks"
version = "4.3.0"
description = "Some out-of-the-box hooks for pre-commit."
category = "dev"
optional = false
python-versions = ">=3.7"

[package.dependencies]
"ruamel.yaml" = ">=0.15"
tomli = {version = ">=1.1.0", markers = "python_version < \"3.11\""}

[[package]]
name = "py"
version = "1.11.0"
description = "library with cross-python path, ini-parsing, io, code, log facilities"
category = "main"
optional = false
python-versions = ">=2.7, !=3.0.*, !=3.1.*, !=3.2.*, !=3.3.*, !=3.4.*"

[[package]]
name = "pycodestyle"
version = "2.9.1"
description = "Python style guide checker"
category = "dev"
optional = false
python-versions = ">=3.6"

[[package]]
name = "pydocstyle"
version = "6.1.1"
description = "Python docstring style checker"
category = "dev"
optional = false
python-versions = ">=3.6"

[package.dependencies]
snowballstemmer = "*"

[package.extras]
toml = ["toml"]

[[package]]
name = "pyflakes"
version = "2.5.0"
description = "passive checker of Python programs"
category = "dev"
optional = false
python-versions = ">=3.6"

[[package]]
name = "pygments"
version = "2.13.0"
description = "Pygments is a syntax highlighting package written in Python."
category = "dev"
optional = false
python-versions = ">=3.6"

[package.extras]
plugins = ["importlib-metadata"]

[[package]]
name = "pyparsing"
version = "3.0.9"
description = "pyparsing module - Classes and methods to define and execute parsing grammars"
category = "main"
optional = false
python-versions = ">=3.6.8"

[package.extras]
diagrams = ["railroad-diagrams", "jinja2"]

[[package]]
name = "pyproj"
version = "3.4.0"
description = "Python interface to PROJ (cartographic projections and coordinate transformations library)"
category = "main"
optional = false
python-versions = ">=3.8"

[package.dependencies]
certifi = "*"

[[package]]
name = "pyramids-gis"
version = "0.2.4"
description = "GIS utility package"
category = "main"
optional = false
python-versions = "*"

[package.dependencies]
affine = ">=2.3.1"
Fiona = ">=1.8.21"
GDAL = ">=3.4.3"
geopandas = ">=0.11.1"
geopy = ">=2.2.0"
loguru = ">=0.6.0"
matplotlib = ">=3.5.3"
netCDF4 = ">=1.6.1"
pandas = ">=1.4.4"
pyproj = ">=3.4.0"
pytest = ">=7.1.3"
pytest-cov = ">=3.0.0"
rasterio = ">=1.2.10"
Rtree = ">=1.0.0"
Shapely = ">=1.8.4,<2"

[[package]]
name = "pytest"
version = "7.1.3"
description = "pytest: simple powerful testing with Python"
category = "main"
optional = false
python-versions = ">=3.7"

[package.dependencies]
attrs = ">=19.2.0"
colorama = {version = "*", markers = "sys_platform == \"win32\""}
iniconfig = "*"
packaging = "*"
pluggy = ">=0.12,<2.0"
py = ">=1.8.2"
tomli = ">=1.0.0"

[package.extras]
testing = ["argcomplete", "hypothesis (>=3.56)", "mock", "nose", "pygments (>=2.7.2)", "requests", "xmlschema"]

[[package]]
name = "pytest-cov"
version = "3.0.0"
description = "Pytest plugin for measuring coverage."
category = "main"
optional = false
python-versions = ">=3.6"

[package.dependencies]
coverage = {version = ">=5.2.1", extras = ["toml"]}
pytest = ">=4.6"

[package.extras]
testing = ["virtualenv", "pytest-xdist", "six", "process-tests", "hunter", "fields"]

[[package]]
name = "python-dateutil"
version = "2.8.2"
description = "Extensions to the standard Python datetime module"
category = "main"
optional = false
python-versions = "!=3.0.*,!=3.1.*,!=3.2.*,>=2.7"

[package.dependencies]
six = ">=1.5"

[[package]]
name = "pytz"
version = "2022.2.1"
description = "World timezone definitions, modern and historical"
category = "main"
optional = false
python-versions = "*"

[[package]]
name = "pyyaml"
version = "6.0"
description = "YAML parser and emitter for Python"
category = "dev"
optional = false
python-versions = ">=3.6"

[[package]]
name = "rasterio"
version = "1.3.2"
description = "Fast and direct raster I/O for use with Numpy and SciPy"
category = "main"
optional = false
python-versions = ">=3.8"

[package.dependencies]
affine = "*"
attrs = "*"
certifi = "*"
click = ">=4.0"
click-plugins = "*"
cligj = ">=0.5"
numpy = ">=1.18"
snuggs = ">=1.4.1"

[package.extras]
test = ["shapely", "pytest (>=2.8.2)", "pytest-cov (>=2.2.0)", "packaging", "hypothesis", "boto3 (>=1.2.4)"]
s3 = ["boto3 (>=1.2.4)"]
plot = ["matplotlib"]
ipython = ["ipython (>=2.0)"]
docs = ["sphinx-rtd-theme", "sphinx", "numpydoc", "ghp-import"]
all = ["shapely", "pytest (>=2.8.2)", "sphinx-rtd-theme", "pytest-cov (>=2.2.0)", "ipython (>=2.0)", "hypothesis", "boto3 (>=1.2.4)", "numpydoc", "sphinx", "ghp-import", "matplotlib", "packaging"]

[[package]]
name = "rasterstats"
version = "0.17.0"
description = "Summarize geospatial raster datasets based on vector geometries"
category = "main"
optional = false
python-versions = "*"

[package.dependencies]
affine = "<3.0"
cligj = ">=0.4"
fiona = "*"
numpy = ">=1.9"
rasterio = ">=1.0"
shapely = "*"
simplejson = "*"

[[package]]
name = "reorder-python-imports"
version = "3.8.2"
description = "Tool for reordering python imports"
category = "dev"
optional = false
python-versions = ">=3.7"

[package.dependencies]
classify-imports = ">=4.1"

[[package]]
name = "requests"
version = "2.28.1"
description = "Python HTTP for Humans."
category = "main"
optional = false
python-versions = ">=3.7, <4"

[package.dependencies]
certifi = ">=2017.4.17"
charset-normalizer = ">=2,<3"
idna = ">=2.5,<4"
urllib3 = ">=1.21.1,<1.27"

[package.extras]
socks = ["PySocks (>=1.5.6,!=1.5.7)"]
use_chardet_on_py3 = ["chardet (>=3.0.2,<6)"]

[[package]]
name = "restructuredtext-lint"
version = "1.4.0"
description = "reStructuredText linter"
category = "dev"
optional = false
python-versions = "*"

[package.dependencies]
docutils = ">=0.11,<1.0"

[[package]]
name = "rtree"
version = "1.0.0"
description = "R-Tree spatial index for Python GIS"
category = "main"
optional = false
python-versions = ">=3.7"

[[package]]
name = "ruamel.yaml"
version = "0.17.21"
description = "ruamel.yaml is a YAML parser/emitter that supports roundtrip preservation of comments, seq/map flow style, and map key order"
category = "dev"
optional = false
python-versions = ">=3"

[package.dependencies]
"ruamel.yaml.clib" = {version = ">=0.2.6", markers = "platform_python_implementation == \"CPython\" and python_version < \"3.11\""}

[package.extras]
docs = ["ryd"]
jinja2 = ["ruamel.yaml.jinja2 (>=0.2)"]

[[package]]
name = "ruamel.yaml.clib"
version = "0.2.6"
description = "C version of reader, parser and emitter for ruamel.yaml derived from libyaml"
category = "dev"
optional = false
python-versions = ">=3.5"

[[package]]
name = "scikit-learn"
version = "1.1.2"
description = "A set of python modules for machine learning and data mining"
category = "main"
optional = false
python-versions = ">=3.8"

[package.dependencies]
joblib = ">=1.0.0"
numpy = ">=1.17.3"
scipy = ">=1.3.2"
threadpoolctl = ">=2.0.0"

[package.extras]
tests = ["numpydoc (>=1.2.0)", "pyamg (>=4.0.0)", "mypy (>=0.961)", "black (>=22.3.0)", "flake8 (>=3.8.2)", "pytest-cov (>=2.9.0)", "pytest (>=5.0.1)", "pandas (>=1.0.5)", "scikit-image (>=0.16.2)", "matplotlib (>=3.1.2)"]
examples = ["seaborn (>=0.9.0)", "pandas (>=1.0.5)", "scikit-image (>=0.16.2)", "matplotlib (>=3.1.2)"]
docs = ["sphinxext-opengraph (>=0.4.2)", "sphinx-prompt (>=1.3.0)", "Pillow (>=7.1.2)", "numpydoc (>=1.2.0)", "sphinx-gallery (>=0.7.0)", "sphinx (>=4.0.1)", "memory-profiler (>=0.57.0)", "seaborn (>=0.9.0)", "pandas (>=1.0.5)", "scikit-image (>=0.16.2)", "matplotlib (>=3.1.2)"]
benchmark = ["memory-profiler (>=0.57.0)", "pandas (>=1.0.5)", "matplotlib (>=3.1.2)"]

[[package]]
name = "scipy"
version = "1.9.1"
description = "SciPy: Scientific Library for Python"
category = "main"
optional = false
python-versions = ">=3.8,<3.12"

[package.dependencies]
numpy = ">=1.18.5,<1.25.0"

[[package]]
name = "setuptools-scm"
version = "7.0.5"
description = "the blessed package to manage your versions by scm tags"
category = "main"
optional = false
python-versions = ">=3.7"

[package.dependencies]
packaging = ">=20.0"
tomli = ">=1.0.0"
typing-extensions = "*"

[package.extras]
test = ["pytest (>=6.2)", "virtualenv (>20)"]
toml = ["setuptools (>=42)"]

[[package]]
name = "shapely"
version = "1.8.4"
description = "Geometric objects, predicates, and operations"
category = "main"
optional = false
python-versions = ">=3.6"

[package.extras]
all = ["pytest", "pytest-cov", "numpy"]
test = ["pytest", "pytest-cov"]
vectorized = ["numpy"]

[[package]]
name = "simplejson"
version = "3.17.6"
description = "Simple, fast, extensible JSON encoder/decoder for Python"
category = "main"
optional = false
python-versions = ">=2.5, !=3.0.*, !=3.1.*, !=3.2.*"

[[package]]
name = "six"
version = "1.16.0"
description = "Python 2 and 3 compatibility utilities"
category = "main"
optional = false
python-versions = ">=2.7, !=3.0.*, !=3.1.*, !=3.2.*"

[[package]]
name = "smmap"
version = "5.0.0"
description = "A pure Python implementation of a sliding window memory map manager"
category = "dev"
optional = false
python-versions = ">=3.6"

[[package]]
name = "snowballstemmer"
version = "2.2.0"
description = "This package provides 29 stemmers for 28 languages generated from Snowball algorithms."
category = "dev"
optional = false
python-versions = "*"

[[package]]
name = "snuggs"
version = "1.4.7"
description = "Snuggs are s-expressions for Numpy"
category = "main"
optional = false
python-versions = "*"

[package.dependencies]
numpy = "*"
pyparsing = ">=2.1.6"

[package.extras]
test = ["pytest", "hypothesis"]

[[package]]
name = "statista"
version = "0.1.5"
description = "statistics package"
category = "main"
optional = false
python-versions = "*"

[package.dependencies]
loguru = ">=0.6.0"
matplotlib = ">=3.5.3"
pandas = ">=1.4.4"
scikit-learn = ">=1.1.2"
scipy = ">=1.9.1"

[[package]]
name = "statsmodels"
version = "0.13.2"
description = "Statistical computations and models for Python"
category = "main"
optional = false
python-versions = ">=3.7"

[package.dependencies]
numpy = ">=1.17"
packaging = ">=21.3"
pandas = ">=0.25"
patsy = ">=0.5.2"
scipy = ">=1.3"

[package.extras]
build = ["cython (>=0.29.26)"]
develop = ["cython (>=0.29.26)"]
docs = ["sphinx", "nbconvert", "jupyter-client", "ipykernel", "matplotlib", "nbformat", "numpydoc", "pandas-datareader"]

[[package]]
name = "stevedore"
version = "4.0.0"
description = "Manage dynamic plugins for Python applications"
category = "dev"
optional = false
python-versions = ">=3.8"

[package.dependencies]
pbr = ">=2.0.0,<2.1.0 || >2.1.0"

[[package]]
name = "threadpoolctl"
version = "3.1.0"
description = "threadpoolctl"
category = "main"
optional = false
python-versions = ">=3.6"

[[package]]
name = "toml"
version = "0.10.2"
description = "Python Library for Tom's Obvious, Minimal Language"
category = "dev"
optional = false
python-versions = ">=2.6, !=3.0.*, !=3.1.*, !=3.2.*"

[[package]]
name = "tomli"
version = "2.0.1"
description = "A lil' TOML parser"
category = "main"
optional = false
python-versions = ">=3.7"

[[package]]
name = "typing-extensions"
version = "4.3.0"
description = "Backported and Experimental Type Hints for Python 3.7+"
category = "main"
optional = false
python-versions = ">=3.7"

[[package]]
name = "urllib3"
version = "1.26.12"
description = "HTTP library with thread-safe connection pooling, file post, and more."
category = "main"
optional = false
python-versions = ">=2.7, !=3.0.*, !=3.1.*, !=3.2.*, !=3.3.*, !=3.4.*, !=3.5.*, <4"

[package.extras]
brotli = ["brotlicffi (>=0.8.0)", "brotli (>=1.0.9)", "brotlipy (>=0.6.0)"]
secure = ["pyOpenSSL (>=0.14)", "cryptography (>=1.3.4)", "idna (>=2.0.0)", "certifi", "urllib3-secure-extra", "ipaddress"]
socks = ["PySocks (>=1.5.6,!=1.5.7,<2.0)"]

[[package]]
name = "virtualenv"
version = "20.16.5"
description = "Virtual Python Environment builder"
category = "dev"
optional = false
python-versions = ">=3.6"

[package.dependencies]
distlib = ">=0.3.5,<1"
filelock = ">=3.4.1,<4"
platformdirs = ">=2.4,<3"

[package.extras]
docs = ["proselint (>=0.13)", "sphinx (>=5.1.1)", "sphinx-argparse (>=0.3.1)", "sphinx-rtd-theme (>=1)", "towncrier (>=21.9)"]
testing = ["coverage (>=6.2)", "coverage-enable-subprocess (>=1)", "flaky (>=3.7)", "packaging (>=21.3)", "pytest (>=7.0.1)", "pytest-env (>=0.6.2)", "pytest-freezegun (>=0.4.2)", "pytest-mock (>=3.6.1)", "pytest-randomly (>=3.10.3)", "pytest-timeout (>=2.1)"]

[[package]]
name = "win32-setctime"
version = "1.1.0"
description = "A small Python utility to set file creation time on Windows"
category = "main"
optional = false
python-versions = ">=3.5"

[package.extras]
dev = ["black (>=19.3b0)", "pytest (>=4.6.2)"]

[metadata]
lock-version = "1.1"
python-versions = ">=3.9,<3.12"
content-hash = "6b9ca64c468804a63c5d33b33fff4a48f003460e7c097b580583ab1f2edd5757"

[metadata.files]
affine = []
attrs = []
bandit = []
black = []
certifi = []
cfgv = []
cftime = []
charset-normalizer = []
classify-imports = []
cleopatra = []
click = []
click-plugins = []
cligj = []
colorama = []
contourpy = []
coverage = []
cycler = []
darglint = []
digitalearth = []
distlib = []
docutils = []
filelock = []
fiona = []
flake8 = []
flake8-bandit = []
flake8-bugbear = []
flake8-docstrings = []
flake8-rst-docstrings = []
fonttools = []
gdal = []
geographiclib = []
geopandas = []
geopy = []
geostatista = []
gitdb = []
gitpython = []
identify = []
idna = []
iniconfig = []
joblib = []
kiwisolver = []
loguru = []
matplotlib = []
mccabe = []
munch = []
mypy-extensions = []
netcdf4 = []
nodeenv = []
numpy = []
oasis-optimization = []
packaging = []
pandas = []
pathspec = []
patsy = []
pbr = []
pep8-naming = []
pillow = []
platformdirs = []
pluggy = []
pre-commit = []
pre-commit-hooks = []
py = []
pycodestyle = []
pydocstyle = []
pyflakes = []
pygments = []
pyparsing = []
pyproj = []
pyramids-gis = []
pytest = []
pytest-cov = []
python-dateutil = []
pytz = []
pyyaml = []
rasterio = []
rasterstats = []
reorder-python-imports = []
requests = []
restructuredtext-lint = []
rtree = []
"ruamel.yaml" = []
"ruamel.yaml.clib" = []
scikit-learn = []
scipy = []
setuptools-scm = []
shapely = []
simplejson = []
six = []
smmap = []
snowballstemmer = []
snuggs = []
statista = []
statsmodels = []
stevedore = []
threadpoolctl = []
toml = []
tomli = []
typing-extensions = []
urllib3 = []
virtualenv = []
win32-setctime = []
